
Microsoft Visual Studio Solution File, Format Version 12.00
# Visual Studio Version 17
VisualStudioVersion = 17.7.34202.233
MinimumVisualStudioVersion = 10.0.40219.1
Project("{FAE04EC0-301F-11D3-BF4B-00C04F79EFBC}") = "AbstractClass-Interface", "AbstractClass-Interface.csproj", "{F5EF51A2-5445-4B65-BFDF-9E5D1AC89C6B}"
EndProject
Project("{FAE04EC0-301F-11D3-BF4B-00C04F79EFBC}") = "AbstractClass-Interface.Domain", "..\AbstractClass-Interface.Domain\AbstractClass-Interface.Domain.csproj", "{D49FA619-41E8-4807-864D-39F7424852DD}"
EndProject
Global
	GlobalSection(SolutionConfigurationPlatforms) = preSolution
		Debug|Any CPU = Debug|Any CPU
		Release|Any CPU = Release|Any CPU
	EndGlobalSection
	GlobalSection(ProjectConfigurationPlatforms) = postSolution
		{F5EF51A2-5445-4B65-BFDF-9E5D1AC89C6B}.Debug|Any CPU.ActiveCfg = Debug|Any CPU
		{F5EF51A2-5445-4B65-BFDF-9E5D1AC89C6B}.Debug|Any CPU.Build.0 = Debug|Any CPU
		{F5EF51A2-5445-4B65-BFDF-9E5D1AC89C6B}.Release|Any CPU.ActiveCfg = Release|Any CPU
		{F5EF51A2-5445-4B65-BFDF-9E5D1AC89C6B}.Release|Any CPU.Build.0 = Release|Any CPU
		{D49FA619-41E8-4807-864D-39F7424852DD}.Debug|Any CPU.ActiveCfg = Debug|Any CPU
		{D49FA619-41E8-4807-864D-39F7424852DD}.Debug|Any CPU.Build.0 = Debug|Any CPU
		{D49FA619-41E8-4807-864D-39F7424852DD}.Release|Any CPU.ActiveCfg = Release|Any CPU
		{D49FA619-41E8-4807-864D-39F7424852DD}.Release|Any CPU.Build.0 = Release|Any CPU
	EndGlobalSection
	GlobalSection(SolutionProperties) = preSolution
		HideSolutionNode = FALSE
	EndGlobalSection
	GlobalSection(ExtensibilityGlobals) = postSolution
		SolutionGuid = {A89B16F6-4CFC-426A-95B3-A65AF2E8EC6F}
	EndGlobalSection
EndGlobal
